
Microsoft Visual Studio Solution File, Format Version 11.00
# Visual Studio 2010
Project("{FAE04EC0-301F-11D3-BF4B-00C04F79EFBC}") = "Assembly-CSharp", "Assembly-CSharp.csproj", "{e763446f-5030-8047-d9ce-1b33995eb729}"
EndProject
Project("{FAE04EC0-301F-11D3-BF4B-00C04F79EFBC}") = "Assembly-CSharp-Editor", "Assembly-CSharp-Editor.csproj", "{c5203875-ab36-f767-e080-325df8ea7f2c}"
EndProject
Global
	GlobalSection(SolutionConfigurationPlatforms) = preSolution
		Debug|Any CPU = Debug|Any CPU
		Release|Any CPU = Release|Any CPU
	EndGlobalSection
	GlobalSection(ProjectConfigurationPlatforms) = postSolution
		{e763446f-5030-8047-d9ce-1b33995eb729}.Debug|Any CPU.ActiveCfg = Debug|Any CPU
		{e763446f-5030-8047-d9ce-1b33995eb729}.Debug|Any CPU.Build.0 = Debug|Any CPU
		{e763446f-5030-8047-d9ce-1b33995eb729}.Release|Any CPU.ActiveCfg = Release|Any CPU
		{e763446f-5030-8047-d9ce-1b33995eb729}.Release|Any CPU.Build.0 = Release|Any CPU
		{c5203875-ab36-f767-e080-325df8ea7f2c}.Debug|Any CPU.ActiveCfg = Debug|Any CPU
		{c5203875-ab36-f767-e080-325df8ea7f2c}.Debug|Any CPU.Build.0 = Debug|Any CPU
		{c5203875-ab36-f767-e080-325df8ea7f2c}.Release|Any CPU.ActiveCfg = Release|Any CPU
		{c5203875-ab36-f767-e080-325df8ea7f2c}.Release|Any CPU.Build.0 = Release|Any CPU
	EndGlobalSection
	GlobalSection(SolutionProperties) = preSolution
		HideSolutionNode = FALSE
	EndGlobalSection
EndGlobal
